
Microsoft Visual Studio Solution File, Format Version 12.00
# Visual Studio Version 17
VisualStudioVersion = 17.4.33213.308
MinimumVisualStudioVersion = 10.0.40219.1
Project("{FAE04EC0-301F-11D3-BF4B-00C04F79EFBC}") = "JsonWebTokenWebApiTutorial", "JsonWebTokenWebApiTutorial\JsonWebTokenWebApiTutorial.csproj", "{F3F3B447-46C4-4A52-8C55-DF53F4303219}"
EndProject
Global
	GlobalSection(SolutionConfigurationPlatforms) = preSolution
		Debug|Any CPU = Debug|Any CPU
		Release|Any CPU = Release|Any CPU
	EndGlobalSection
	GlobalSection(ProjectConfigurationPlatforms) = postSolution
		{F3F3B447-46C4-4A52-8C55-DF53F4303219}.Debug|Any CPU.ActiveCfg = Debug|Any CPU
		{F3F3B447-46C4-4A52-8C55-DF53F4303219}.Debug|Any CPU.Build.0 = Debug|Any CPU
		{F3F3B447-46C4-4A52-8C55-DF53F4303219}.Release|Any CPU.ActiveCfg = Release|Any CPU
		{F3F3B447-46C4-4A52-8C55-DF53F4303219}.Release|Any CPU.Build.0 = Release|Any CPU
	EndGlobalSection
	GlobalSection(SolutionProperties) = preSolution
		HideSolutionNode = FALSE
	EndGlobalSection
	GlobalSection(ExtensibilityGlobals) = postSolution
		SolutionGuid = {6463E17A-55D9-4880-BA41-26E287CF498F}
	EndGlobalSection
EndGlobal
